
Microsoft Visual Studio Solution File, Format Version 12.00
# Visual Studio Version 17
VisualStudioVersion = 17.8.34525.116
MinimumVisualStudioVersion = 10.0.40219.1
Project("{FAE04EC0-301F-11D3-BF4B-00C04F79EFBC}") = "CargoTrans", "CargoTrans\CargoTrans.csproj", "{550CFE0E-C985-46B4-A92F-779AC55DD04A}"
EndProject
Global
	GlobalSection(SolutionConfigurationPlatforms) = preSolution
		Debug|Any CPU = Debug|Any CPU
		Release|Any CPU = Release|Any CPU
	EndGlobalSection
	GlobalSection(ProjectConfigurationPlatforms) = postSolution
		{550CFE0E-C985-46B4-A92F-779AC55DD04A}.Debug|Any CPU.ActiveCfg = Debug|Any CPU
		{550CFE0E-C985-46B4-A92F-779AC55DD04A}.Debug|Any CPU.Build.0 = Debug|Any CPU
		{550CFE0E-C985-46B4-A92F-779AC55DD04A}.Debug|Any CPU.Deploy.0 = Debug|Any CPU
		{550CFE0E-C985-46B4-A92F-779AC55DD04A}.Release|Any CPU.ActiveCfg = Release|Any CPU
		{550CFE0E-C985-46B4-A92F-779AC55DD04A}.Release|Any CPU.Build.0 = Release|Any CPU
		{550CFE0E-C985-46B4-A92F-779AC55DD04A}.Release|Any CPU.Deploy.0 = Release|Any CPU
	EndGlobalSection
	GlobalSection(SolutionProperties) = preSolution
		HideSolutionNode = FALSE
	EndGlobalSection
	GlobalSection(ExtensibilityGlobals) = postSolution
		SolutionGuid = {39E62997-DDD8-4A9D-AC48-1BF2CF6E71BD}
	EndGlobalSection
EndGlobal
